
Microsoft Visual Studio Solution File, Format Version 12.00
# Visual Studio Version 17
VisualStudioVersion = 17.8.34601.278
MinimumVisualStudioVersion = 10.0.40219.1
Project("{FAE04EC0-301F-11D3-BF4B-00C04F79EFBC}") = "eCommerce.API", "eCommerce.API\eCommerce.API.csproj", "{55D15AAC-48A0-4635-80AA-97EF76931374}"
EndProject
Project("{FAE04EC0-301F-11D3-BF4B-00C04F79EFBC}") = "eCommerce.InfraStructure", "eCommerce.InfraStructure\eCommerce.InfraStructure.csproj", "{1E681C65-1516-4854-9B9F-5E68202F7411}"
EndProject
Project("{FAE04EC0-301F-11D3-BF4B-00C04F79EFBC}") = "eCommerce.Core", "eCommerce.Core\eCommerce.Core.csproj", "{1047DC6D-7DEB-4158-B646-45FFE777D4C5}"
EndProject
Global
	GlobalSection(SolutionConfigurationPlatforms) = preSolution
		Debug|Any CPU = Debug|Any CPU
		Release|Any CPU = Release|Any CPU
	EndGlobalSection
	GlobalSection(ProjectConfigurationPlatforms) = postSolution
		{55D15AAC-48A0-4635-80AA-97EF76931374}.Debug|Any CPU.ActiveCfg = Debug|Any CPU
		{55D15AAC-48A0-4635-80AA-97EF76931374}.Debug|Any CPU.Build.0 = Debug|Any CPU
		{55D15AAC-48A0-4635-80AA-97EF76931374}.Release|Any CPU.ActiveCfg = Release|Any CPU
		{55D15AAC-48A0-4635-80AA-97EF76931374}.Release|Any CPU.Build.0 = Release|Any CPU
		{1E681C65-1516-4854-9B9F-5E68202F7411}.Debug|Any CPU.ActiveCfg = Debug|Any CPU
		{1E681C65-1516-4854-9B9F-5E68202F7411}.Debug|Any CPU.Build.0 = Debug|Any CPU
		{1E681C65-1516-4854-9B9F-5E68202F7411}.Release|Any CPU.ActiveCfg = Release|Any CPU
		{1E681C65-1516-4854-9B9F-5E68202F7411}.Release|Any CPU.Build.0 = Release|Any CPU
		{1047DC6D-7DEB-4158-B646-45FFE777D4C5}.Debug|Any CPU.ActiveCfg = Debug|Any CPU
		{1047DC6D-7DEB-4158-B646-45FFE777D4C5}.Debug|Any CPU.Build.0 = Debug|Any CPU
		{1047DC6D-7DEB-4158-B646-45FFE777D4C5}.Release|Any CPU.ActiveCfg = Release|Any CPU
		{1047DC6D-7DEB-4158-B646-45FFE777D4C5}.Release|Any CPU.Build.0 = Release|Any CPU
	EndGlobalSection
	GlobalSection(SolutionProperties) = preSolution
		HideSolutionNode = FALSE
	EndGlobalSection
	GlobalSection(ExtensibilityGlobals) = postSolution
		SolutionGuid = {BA32A8EB-2E47-469E-9845-F526F7F8A4CB}
	EndGlobalSection
EndGlobal
